{
    "name": "nr1-webperf-analysis-nerdpack",
    "version": "0.1.0",
    "lockfileVersion": 1,
    "requires": true,
    "dependencies": {
        "@babel/runtime": {
            "version": "7.5.5",
            "resolved": "https://registry.npmjs.org/@babel/runtime/-/runtime-7.5.5.tgz",
            "integrity": "sha512-28QvEGyQyNkB0/m2B4FU7IEZGK2NUrcMtT6BZEFALTguLk+AUT6ofsHtPk5QyjAdUkpMJ+/Em+quwz4HOt30AQ==",
            "requires": {
                "regenerator-runtime": "^0.13.2"
            }
        },
        "bootstrap": {
            "version": "4.3.1",
            "resolved": "https://registry.npmjs.org/bootstrap/-/bootstrap-4.3.1.tgz",
            "integrity": "sha512-rXqOmH1VilAt2DyPzluTi2blhk17bO7ef+zLLPlWvG494pDxcM234pJ8wTc/6R40UWizAIIMgxjvxZg5kmsbag=="
        },
        "classnames": {
            "version": "2.2.5",
            "resolved": "https://registry.npmjs.org/classnames/-/classnames-2.2.5.tgz",
            "integrity": "sha1-+zgB1FNGdknvNgPH1hoCvRKb3m0="
        },
        "dom-helpers": {
            "version": "3.4.0",
            "resolved": "https://registry.npmjs.org/dom-helpers/-/dom-helpers-3.4.0.tgz",
            "integrity": "sha512-LnuPJ+dwqKDIyotW1VzmOZ5TONUN7CwkCR5hrgawTUbkBGYdeoNLZo6nNfGkCrjtE1nXXaj7iMMpDa8/d9WoIA==",
            "requires": {
                "@babel/runtime": "^7.1.2"
            }
        },
        "graphql": {
            "version": "14.5.3",
            "resolved": "https://registry.npmjs.org/graphql/-/graphql-14.5.3.tgz",
            "integrity": "sha512-W8A8nt9BsMg0ZK2qA3DJIVU6muWhxZRYLTmc+5XGwzWzVdUdPVlAAg5hTBjiTISEnzsKL/onasu6vl3kgGTbYg==",
            "requires": {
                "iterall": "^1.2.2"
            }
        },
        "graphql-tag": {
            "version": "2.10.1",
            "resolved": "https://registry.npmjs.org/graphql-tag/-/graphql-tag-2.10.1.tgz",
            "integrity": "sha512-jApXqWBzNXQ8jYa/HLkZJaVw9jgwNqZkywa2zfFn16Iv1Zb7ELNHkJaXHR7Quvd5SIGsy6Ny7SUKATgnu05uEg=="
        },
        "iterall": {
            "version": "1.2.2",
            "resolved": "https://registry.npmjs.org/iterall/-/iterall-1.2.2.tgz",
            "integrity": "sha512-yynBb1g+RFUPY64fTrFv7nsjRrENBQJaX2UL+2Szc9REFrSNm1rpSXHGzhmAy7a9uv3vlvgBlXnf9RqmPH1/DA=="
        },
        "js-tokens": {
            "version": "4.0.0",
            "resolved": "https://registry.npmjs.org/js-tokens/-/js-tokens-4.0.0.tgz",
            "integrity": "sha512-RdJUflcE3cUzKiMqQgsCu06FPu9UdIJO0beYbPhHN4k6apgJtifcoCtT9bcxOpYBtpD2kCM6Sbzg4CausW/PKQ=="
        },
        "lodash": {
            "version": "4.17.15",
            "resolved": "https://registry.npmjs.org/lodash/-/lodash-4.17.15.tgz",
            "integrity": "sha512-8xOcRHvCjnocdS5cpwXQXVzmmh5e5+saE2QGoeQmbKmRS6J3VQppPOIt0MnmE+4xlZoumy0GPG0D0MVIQbNA1A=="
        },
        "loose-envify": {
            "version": "1.4.0",
            "resolved": "https://registry.npmjs.org/loose-envify/-/loose-envify-1.4.0.tgz",
            "integrity": "sha512-lyuxPGr/Wfhrlem2CL/UcnUc1zcqKAImBDzukY7Y5F/yQiNdko6+fRLevlw1HgMySw7f611UIY408EtxRSoK3Q==",
            "requires": {
                "js-tokens": "^3.0.0 || ^4.0.0"
            }
        },
        "nr1-bootstrap-theme": {
            "version": "git+ssh://git@github.com/newrelic/nr1-bootstrap-theme.git#b1e55156dc19b9d925ae212fe3b4d10f4b542663",
            "from": "git+ssh://git@github.com/newrelic/nr1-bootstrap-theme.git",
            "requires": {
                "bootstrap": "^4.3.1"
            }
        },
        "numeral": {
            "version": "2.0.6",
            "resolved": "https://registry.npmjs.org/numeral/-/numeral-2.0.6.tgz",
            "integrity": "sha1-StCAk21EPCVhrtnyGX7//iX05QY="
        },
        "object-assign": {
            "version": "4.1.1",
            "resolved": "https://registry.npmjs.org/object-assign/-/object-assign-4.1.1.tgz",
            "integrity": "sha1-IQmtx5ZYh8/AXLvUQsrIv7s2CGM="
        },
        "prop-types": {
            "version": "15.7.2",
            "resolved": "https://registry.npmjs.org/prop-types/-/prop-types-15.7.2.tgz",
            "integrity": "sha512-8QQikdH7//R2vurIJSutZ1smHYTcLpRWEOlHnzcWHmBYrOGUysKwSsrC89BCiFj3CbrfJ/nXFdJepOVrY1GCHQ==",
            "requires": {
                "loose-envify": "^1.4.0",
                "object-assign": "^4.1.1",
                "react-is": "^16.8.1"
            }
        },
        "react": {
            "version": "16.9.0",
            "resolved": "https://registry.npmjs.org/react/-/react-16.9.0.tgz",
            "integrity": "sha512-+7LQnFBwkiw+BobzOF6N//BdoNw0ouwmSJTEm9cglOOmsg/TMiFHZLe2sEoN5M7LgJTj9oHH0gxklfnQe66S1w==",
            "requires": {
                "loose-envify": "^1.1.0",
                "object-assign": "^4.1.1",
                "prop-types": "^15.6.2"
            }
        },
        "react-bootstrap-table-next": {
            "version": "3.1.9",
            "resolved": "https://registry.npmjs.org/react-bootstrap-table-next/-/react-bootstrap-table-next-3.1.9.tgz",
            "integrity": "sha512-aTj/LQtf/NdU2+J0rKAMcD95VJo6za5w1PWgovyd2djTEaPFzcmLcysbkMeU50f/fyeyOvv19MyBapPl5+ravw==",
            "requires": {
                "classnames": "2.2.5",
                "react-transition-group": "2.5.3",
                "underscore": "1.9.1"
            }
        },
        "react-dom": {
            "version": "16.9.0",
            "resolved": "https://registry.npmjs.org/react-dom/-/react-dom-16.9.0.tgz",
            "integrity": "sha512-YFT2rxO9hM70ewk9jq0y6sQk8cL02xm4+IzYBz75CQGlClQQ1Bxq0nhHF6OtSbit+AIahujJgb/CPRibFkMNJQ==",
            "requires": {
                "loose-envify": "^1.1.0",
                "object-assign": "^4.1.1",
                "prop-types": "^15.6.2",
                "scheduler": "^0.15.0"
            }
        },
        "react-is": {
            "version": "16.9.0",
            "resolved": "https://registry.npmjs.org/react-is/-/react-is-16.9.0.tgz",
            "integrity": "sha512-tJBzzzIgnnRfEm046qRcURvwQnZVXmuCbscxUO5RWrGTXpon2d4c8mI0D8WE6ydVIm29JiLB6+RslkIvym9Rjw=="
        },
        "react-lifecycles-compat": {
            "version": "3.0.4",
            "resolved": "https://registry.npmjs.org/react-lifecycles-compat/-/react-lifecycles-compat-3.0.4.tgz",
            "integrity": "sha512-fBASbA6LnOU9dOU2eW7aQ8xmYBSXUIWr+UmF9b1efZBazGNO+rcXT/icdKnYm2pTwcRylVUYwW7H1PHfLekVzA=="
        },
        "react-transition-group": {
            "version": "2.5.3",
            "resolved": "https://registry.npmjs.org/react-transition-group/-/react-transition-group-2.5.3.tgz",
            "integrity": "sha512-2DGFck6h99kLNr8pOFk+z4Soq3iISydwOFeeEVPjTN6+Y01CmvbWmnN02VuTWyFdnRtIDPe+wy2q6Ui8snBPZg==",
            "requires": {
                "dom-helpers": "^3.3.1",
                "loose-envify": "^1.4.0",
                "prop-types": "^15.6.2",
                "react-lifecycles-compat": "^3.0.4"
            }
        },
        "regenerator-runtime": {
            "version": "0.13.3",
            "resolved": "https://registry.npmjs.org/regenerator-runtime/-/regenerator-runtime-0.13.3.tgz",
            "integrity": "sha512-naKIZz2GQ8JWh///G7L3X6LaQUAMp2lvb1rvwwsURe/VXwD6VMfr+/1NuNw3ag8v2kY1aQ/go5SNn79O9JU7yw=="
        },
        "scheduler": {
            "version": "0.15.0",
            "resolved": "https://registry.npmjs.org/scheduler/-/scheduler-0.15.0.tgz",
            "integrity": "sha512-xAefmSfN6jqAa7Kuq7LIJY0bwAPG3xlCj0HMEBQk1lxYiDKZscY2xJ5U/61ZTrYbmNQbXa+gc7czPkVo11tnCg==",
            "requires": {
                "loose-envify": "^1.1.0",
                "object-assign": "^4.1.1"
            }
        },
        "underscore": {
            "version": "1.9.1",
            "resolved": "https://registry.npmjs.org/underscore/-/underscore-1.9.1.tgz",
            "integrity": "sha512-5/4etnCkd9c8gwgowi5/om/mYO5ajCaOgdzj/oW+0eQV9WxKBDZw5+ycmKmeaTXjInS/W0BzpGLo2xR2aBwZdg=="
        }
    }
}
